<?xml version="1.0" encoding="utf-8"?>
<Project ToolsVersion="4.0" xmlns="http://schemas.microsoft.com/developer/msbuild/2003">
  <ItemGroup>
    <Filter Include="Source Files">
      <UniqueIdentifier>{4FC737F1-C7A5-4376-A066-2A32D752A2FF}</UniqueIdentifier>
      <Extensions>cpp;c;cc;cxx;def;odl;idl;hpj;bat;asm;asmx</Extensions>
    </Filter>
    <Filter Include="Header Files">
      <UniqueIdentifier>{93995380-89BD-4b04-88EB-625FBE52EBFB}</UniqueIdentifier>
      <Extensions>h;hh;hpp;hxx;hm;inl;inc;xsd</Extensions>
    </Filter>
    <Filter Include="Resource Files">
      <UniqueIdentifier>{67DA6AB6-F800-4c08-8B7A-83BB121AAD01}</UniqueIdentifier>
      <Extensions>rc;ico;cur;bmp;dlg;rc2;rct;bin;rgs;gif;jpg;jpeg;jpe;resx;tiff;tif;png;wav</Extensions>
    </Filter>
  </ItemGroup>
  <ItemGroup>
    <ClCompile Include="dll5\client.cpp">
      <Filter>Source Files</Filter>
    </ClCompile>
    <ClCompile Include="dll5\dllmain.cpp">
      <Filter>Source Files</Filter>
    </ClCompile>
    <ClCompile Include="dll5\EndScene.cpp">
      <Filter>Source Files</Filter>
    </ClCompile>
    <ClCompile Include="dll5\general.cpp">
      <Filter>Source Files</Filter>
    </ClCompile>
    <ClCompile Include="dll5\imgui.cpp">
      <Filter>Source Files</Filter>
    </ClCompile>
    <ClCompile Include="dll5\imgui_demo.cpp">
      <Filter>Source Files</Filter>
    </ClCompile>
    <ClCompile Include="dll5\imgui_draw.cpp">
      <Filter>Source Files</Filter>
    </ClCompile>
    <ClCompile Include="dll5\imgui_impl_dx9.cpp">
      <Filter>Source Files</Filter>
    </ClCompile>
    <ClCompile Include="dll5\imgui_impl_win32.cpp">
      <Filter>Source Files</Filter>
    </ClCompile>
    <ClCompile Include="dll5\imgui_tables.cpp">
      <Filter>Source Files</Filter>
    </ClCompile>
    <ClCompile Include="dll5\imgui_widgets.cpp">
      <Filter>Source Files</Filter>
    </ClCompile>
    <ClCompile Include="dll5\pch.cpp">
      <Filter>Source Files</Filter>
    </ClCompile>
    <ClCompile Include="dll5\signature.cpp">
      <Filter>Source Files</Filter>
    </ClCompile>
    <ClCompile Include="dll5\Speedshot.cpp">
      <Filter>Source Files</Filter>
    </ClCompile>
    <ClCompile Include="dll5\Sync.cpp">
      <Filter>Source Files</Filter>
    </ClCompile>
    <ClCompile Include="dll5\Wiggle.cpp">
      <Filter>Source Files</Filter>
    </ClCompile>
  </ItemGroup>
  <ItemGroup>
    <ClInclude Include="dll5\client.h">
      <Filter>Header Files</Filter>
    </ClInclude>
    <ClInclude Include="dll5\CNetVars.h">
      <Filter>Header Files</Filter>
    </ClInclude>
    <ClInclude Include="dll5\dt_common2.h">
      <Filter>Header Files</Filter>
    </ClInclude>
    <ClInclude Include="dll5\dt_recv2.h">
      <Filter>Header Files</Filter>
    </ClInclude>
    <ClInclude Include="dll5\EndScene.h">
      <Filter>Header Files</Filter>
    </ClInclude>
    <ClInclude Include="dll5\framework.h">
      <Filter>Header Files</Filter>
    </ClInclude>
    <ClInclude Include="dll5\general.h">
      <Filter>Header Files</Filter>
    </ClInclude>
    <ClInclude Include="dll5\getvfunc.h">
      <Filter>Header Files</Filter>
    </ClInclude>
    <ClInclude Include="dll5\Header.h">
      <Filter>Header Files</Filter>
    </ClInclude>
    <ClInclude Include="dll5\Header1.h">
      <Filter>Header Files</Filter>
    </ClInclude>
    <ClInclude Include="dll5\imconfig.h">
      <Filter>Header Files</Filter>
    </ClInclude>
    <ClInclude Include="dll5\imgui.h">
      <Filter>Header Files</Filter>
    </ClInclude>
    <ClInclude Include="dll5\imgui_impl_dx9.h">
      <Filter>Header Files</Filter>
    </ClInclude>
    <ClInclude Include="dll5\imgui_impl_win32.h">
      <Filter>Header Files</Filter>
    </ClInclude>
    <ClInclude Include="dll5\imgui_internal.h">
      <Filter>Header Files</Filter>
    </ClInclude>
    <ClInclude Include="dll5\imstb_rectpack.h">
      <Filter>Header Files</Filter>
    </ClInclude>
    <ClInclude Include="dll5\imstb_textedit.h">
      <Filter>Header Files</Filter>
    </ClInclude>
    <ClInclude Include="dll5\imstb_truetype.h">
      <Filter>Header Files</Filter>
    </ClInclude>
    <ClInclude Include="dll5\offsets.h">
      <Filter>Header Files</Filter>
    </ClInclude>
    <ClInclude Include="dll5\pch.h">
      <Filter>Header Files</Filter>
    </ClInclude>
    <ClInclude Include="dll5\sdk.h">
      <Filter>Header Files</Filter>
    </ClInclude>
    <ClInclude Include="dll5\signature.h">
      <Filter>Header Files</Filter>
    </ClInclude>
    <ClInclude Include="dll5\Sync.h">
      <Filter>Header Files</Filter>
    </ClInclude>
  </ItemGroup>
</Project>